
Microsoft Visual Studio Solution File, Format Version 12.00
# Visual Studio Version 17
VisualStudioVersion = 17.0.31903.59
MinimumVisualStudioVersion = 10.0.40219.1
Project("{9A19103F-16F7-4668-BE54-9A1E7A4F7556}") = "Tyuiu.KimmelDS.Sprint0.Task3.V0.Lib", "Tyuiu.KimmelDS.Sprint0.Task3.V0.Lib\Tyuiu.KimmelDS.Sprint0.Task3.V0.Lib.csproj", "{44434E06-8199-42DD-B3DD-D2339A00FCE8}"
EndProject
Project("{9A19103F-16F7-4668-BE54-9A1E7A4F7556}") = "Tyuiu.KimmelDS.Sprint0.Task3.V0", "Tyuiu.KimmelDS.Sprint0.Task3.V0\Tyuiu.KimmelDS.Sprint0.Task3.V0.csproj", "{2B795A14-5E81-4651-B925-260500138963}"
EndProject
Project("{9A19103F-16F7-4668-BE54-9A1E7A4F7556}") = "Tyuiu.KimmelDS.Sprint0.Task3.V0.Test", "Tyuiu.KimmelDS.Sprint0.Task3.V0.Test\Tyuiu.KimmelDS.Sprint0.Task3.V0.Test.csproj", "{F9FF770B-DAAF-497B-9BD6-A5A2F667FC2E}"
EndProject
Project("{9A19103F-16F7-4668-BE54-9A1E7A4F7556}") = "Tyuiu.KimmelDS.Sprint0.Task4.V0.Lib", "Tyuiu.KimmelDS.Sprint0.Task4.V0.Lib\Tyuiu.KimmelDS.Sprint0.Task4.V0.Lib.csproj", "{6B6A3319-CB91-47C9-837D-8347E6854A88}"
EndProject
Project("{9A19103F-16F7-4668-BE54-9A1E7A4F7556}") = "Tyuiu.KimmelDS.Sprint0.Task4.V0", "Tyuiu.KimmelDS.Sprint0.Task4.V0\Tyuiu.KimmelDS.Sprint0.Task4.V0.csproj", "{9489AE92-DE7B-4DAF-99B7-686550CB6C6F}"
EndProject
Project("{9A19103F-16F7-4668-BE54-9A1E7A4F7556}") = "Tyuiu.KimmelDS.Sprint0.Task4.V0.Test", "Tyuiu.KimmelDS.Sprint0.Task4.V0.Test\Tyuiu.KimmelDS.Sprint0.Task4.V0.Test.csproj", "{4F3534E5-E838-4AD1-92BF-8F303F59D916}"
EndProject
Project("{2150E333-8FDC-42A3-9474-1A3956D46DE8}") = "Task4", "Task4", "{4E90BCE2-AC3E-4827-BA6C-70095C85B720}"
EndProject
Project("{9A19103F-16F7-4668-BE54-9A1E7A4F7556}") = "Tyuiu.KimmelDS.Sprint0.Task5.V0.Lib", "Tyuiu.KimmelDS.Sprint0.Task5.V0.Lib\Tyuiu.KimmelDS.Sprint0.Task5.V0.Lib.csproj", "{46EF61D1-1192-4E8C-9664-D8114A715CE7}"
EndProject
Project("{9A19103F-16F7-4668-BE54-9A1E7A4F7556}") = "Tyuiu.KimmelDS.Sprint0.Task5.V0", "Tyuiu.KimmelDS.Sprint0.Task5.V0\Tyuiu.KimmelDS.Sprint0.Task5.V0.csproj", "{AC3D8B4B-C933-456E-A563-B1BE9BBFFD36}"
EndProject
Project("{9A19103F-16F7-4668-BE54-9A1E7A4F7556}") = "Tyuiu.KimmelDS.Sprint0.Task5.V0.Test", "Tyuiu.KimmelDS.Sprint0.Task5.V0.Test\Tyuiu.KimmelDS.Sprint0.Task5.V0.Test.csproj", "{CF095492-D875-4D2D-BBC0-B8CEAD7B0343}"
EndProject
Project("{2150E333-8FDC-42A3-9474-1A3956D46DE8}") = "Task5", "Task5", "{DD88AF55-F94A-4EFE-8AD2-925846F1F56F}"
EndProject
Project("{2150E333-8FDC-42A3-9474-1A3956D46DE8}") = "Task3", "Task3", "{960003FA-F1C1-437D-8BFD-43B0A180020C}"
EndProject
Project("{9A19103F-16F7-4668-BE54-9A1E7A4F7556}") = "Tyuiu.KimmelDS.Sprint0.Task6.V0.Lib", "Tyuiu.KimmelDS.Sprint0.Task6.V0.Lib\Tyuiu.KimmelDS.Sprint0.Task6.V0.Lib.csproj", "{D3542FE2-3EF6-42E1-A0A6-8720C036B39A}"
EndProject
Project("{9A19103F-16F7-4668-BE54-9A1E7A4F7556}") = "Tyuiu.KimmelDS.Sprint0.Task6.V0", "Tyuiu.KimmelDS.Sprint0.Task6.V0\Tyuiu.KimmelDS.Sprint0.Task6.V0.csproj", "{2218F7EC-737C-4ED0-A957-70B689C8637F}"
EndProject
Project("{9A19103F-16F7-4668-BE54-9A1E7A4F7556}") = "Tyuiu.KimmelDS.Sprint0.Task6.V0.Test", "Tyuiu.KimmelDS.Sprint0.Task6.V0.Test\Tyuiu.KimmelDS.Sprint0.Task6.V0.Test.csproj", "{26F4994C-0C8E-4D6F-AE62-1E4553B6C67A}"
EndProject
Project("{2150E333-8FDC-42A3-9474-1A3956D46DE8}") = "Task6", "Task6", "{AC853256-36D2-4CCE-BDF4-B5AF6C05B0A1}"
EndProject
Global
	GlobalSection(SolutionConfigurationPlatforms) = preSolution
		Debug|Any CPU = Debug|Any CPU
		Release|Any CPU = Release|Any CPU
	EndGlobalSection
	GlobalSection(ProjectConfigurationPlatforms) = postSolution
		{44434E06-8199-42DD-B3DD-D2339A00FCE8}.Debug|Any CPU.ActiveCfg = Debug|Any CPU
		{44434E06-8199-42DD-B3DD-D2339A00FCE8}.Debug|Any CPU.Build.0 = Debug|Any CPU
		{44434E06-8199-42DD-B3DD-D2339A00FCE8}.Release|Any CPU.ActiveCfg = Release|Any CPU
		{44434E06-8199-42DD-B3DD-D2339A00FCE8}.Release|Any CPU.Build.0 = Release|Any CPU
		{2B795A14-5E81-4651-B925-260500138963}.Debug|Any CPU.ActiveCfg = Debug|Any CPU
		{2B795A14-5E81-4651-B925-260500138963}.Debug|Any CPU.Build.0 = Debug|Any CPU
		{2B795A14-5E81-4651-B925-260500138963}.Release|Any CPU.ActiveCfg = Release|Any CPU
		{2B795A14-5E81-4651-B925-260500138963}.Release|Any CPU.Build.0 = Release|Any CPU
		{F9FF770B-DAAF-497B-9BD6-A5A2F667FC2E}.Debug|Any CPU.ActiveCfg = Debug|Any CPU
		{F9FF770B-DAAF-497B-9BD6-A5A2F667FC2E}.Debug|Any CPU.Build.0 = Debug|Any CPU
		{F9FF770B-DAAF-497B-9BD6-A5A2F667FC2E}.Release|Any CPU.ActiveCfg = Release|Any CPU
		{F9FF770B-DAAF-497B-9BD6-A5A2F667FC2E}.Release|Any CPU.Build.0 = Release|Any CPU
		{6B6A3319-CB91-47C9-837D-8347E6854A88}.Debug|Any CPU.ActiveCfg = Debug|Any CPU
		{6B6A3319-CB91-47C9-837D-8347E6854A88}.Debug|Any CPU.Build.0 = Debug|Any CPU
		{6B6A3319-CB91-47C9-837D-8347E6854A88}.Release|Any CPU.ActiveCfg = Release|Any CPU
		{6B6A3319-CB91-47C9-837D-8347E6854A88}.Release|Any CPU.Build.0 = Release|Any CPU
		{9489AE92-DE7B-4DAF-99B7-686550CB6C6F}.Debug|Any CPU.ActiveCfg = Debug|Any CPU
		{9489AE92-DE7B-4DAF-99B7-686550CB6C6F}.Debug|Any CPU.Build.0 = Debug|Any CPU
		{9489AE92-DE7B-4DAF-99B7-686550CB6C6F}.Release|Any CPU.ActiveCfg = Release|Any CPU
		{9489AE92-DE7B-4DAF-99B7-686550CB6C6F}.Release|Any CPU.Build.0 = Release|Any CPU
		{4F3534E5-E838-4AD1-92BF-8F303F59D916}.Debug|Any CPU.ActiveCfg = Debug|Any CPU
		{4F3534E5-E838-4AD1-92BF-8F303F59D916}.Debug|Any CPU.Build.0 = Debug|Any CPU
		{4F3534E5-E838-4AD1-92BF-8F303F59D916}.Release|Any CPU.ActiveCfg = Release|Any CPU
		{4F3534E5-E838-4AD1-92BF-8F303F59D916}.Release|Any CPU.Build.0 = Release|Any CPU
		{46EF61D1-1192-4E8C-9664-D8114A715CE7}.Debug|Any CPU.ActiveCfg = Debug|Any CPU
		{46EF61D1-1192-4E8C-9664-D8114A715CE7}.Debug|Any CPU.Build.0 = Debug|Any CPU
		{46EF61D1-1192-4E8C-9664-D8114A715CE7}.Release|Any CPU.ActiveCfg = Release|Any CPU
		{46EF61D1-1192-4E8C-9664-D8114A715CE7}.Release|Any CPU.Build.0 = Release|Any CPU
		{AC3D8B4B-C933-456E-A563-B1BE9BBFFD36}.Debug|Any CPU.ActiveCfg = Debug|Any CPU
		{AC3D8B4B-C933-456E-A563-B1BE9BBFFD36}.Debug|Any CPU.Build.0 = Debug|Any CPU
		{AC3D8B4B-C933-456E-A563-B1BE9BBFFD36}.Release|Any CPU.ActiveCfg = Release|Any CPU
		{AC3D8B4B-C933-456E-A563-B1BE9BBFFD36}.Release|Any CPU.Build.0 = Release|Any CPU
		{CF095492-D875-4D2D-BBC0-B8CEAD7B0343}.Debug|Any CPU.ActiveCfg = Debug|Any CPU
		{CF095492-D875-4D2D-BBC0-B8CEAD7B0343}.Debug|Any CPU.Build.0 = Debug|Any CPU
		{CF095492-D875-4D2D-BBC0-B8CEAD7B0343}.Release|Any CPU.ActiveCfg = Release|Any CPU
		{CF095492-D875-4D2D-BBC0-B8CEAD7B0343}.Release|Any CPU.Build.0 = Release|Any CPU
		{D3542FE2-3EF6-42E1-A0A6-8720C036B39A}.Debug|Any CPU.ActiveCfg = Debug|Any CPU
		{D3542FE2-3EF6-42E1-A0A6-8720C036B39A}.Debug|Any CPU.Build.0 = Debug|Any CPU
		{D3542FE2-3EF6-42E1-A0A6-8720C036B39A}.Release|Any CPU.ActiveCfg = Release|Any CPU
		{D3542FE2-3EF6-42E1-A0A6-8720C036B39A}.Release|Any CPU.Build.0 = Release|Any CPU
		{2218F7EC-737C-4ED0-A957-70B689C8637F}.Debug|Any CPU.ActiveCfg = Debug|Any CPU
		{2218F7EC-737C-4ED0-A957-70B689C8637F}.Debug|Any CPU.Build.0 = Debug|Any CPU
		{2218F7EC-737C-4ED0-A957-70B689C8637F}.Release|Any CPU.ActiveCfg = Release|Any CPU
		{2218F7EC-737C-4ED0-A957-70B689C8637F}.Release|Any CPU.Build.0 = Release|Any CPU
		{26F4994C-0C8E-4D6F-AE62-1E4553B6C67A}.Debug|Any CPU.ActiveCfg = Debug|Any CPU
		{26F4994C-0C8E-4D6F-AE62-1E4553B6C67A}.Debug|Any CPU.Build.0 = Debug|Any CPU
		{26F4994C-0C8E-4D6F-AE62-1E4553B6C67A}.Release|Any CPU.ActiveCfg = Release|Any CPU
		{26F4994C-0C8E-4D6F-AE62-1E4553B6C67A}.Release|Any CPU.Build.0 = Release|Any CPU
	EndGlobalSection
	GlobalSection(SolutionProperties) = preSolution
		HideSolutionNode = FALSE
	EndGlobalSection
	GlobalSection(NestedProjects) = preSolution
		{44434E06-8199-42DD-B3DD-D2339A00FCE8} = {960003FA-F1C1-437D-8BFD-43B0A180020C}
		{2B795A14-5E81-4651-B925-260500138963} = {960003FA-F1C1-437D-8BFD-43B0A180020C}
		{F9FF770B-DAAF-497B-9BD6-A5A2F667FC2E} = {960003FA-F1C1-437D-8BFD-43B0A180020C}
		{6B6A3319-CB91-47C9-837D-8347E6854A88} = {4E90BCE2-AC3E-4827-BA6C-70095C85B720}
		{9489AE92-DE7B-4DAF-99B7-686550CB6C6F} = {4E90BCE2-AC3E-4827-BA6C-70095C85B720}
		{4F3534E5-E838-4AD1-92BF-8F303F59D916} = {4E90BCE2-AC3E-4827-BA6C-70095C85B720}
		{46EF61D1-1192-4E8C-9664-D8114A715CE7} = {DD88AF55-F94A-4EFE-8AD2-925846F1F56F}
		{AC3D8B4B-C933-456E-A563-B1BE9BBFFD36} = {DD88AF55-F94A-4EFE-8AD2-925846F1F56F}
		{CF095492-D875-4D2D-BBC0-B8CEAD7B0343} = {DD88AF55-F94A-4EFE-8AD2-925846F1F56F}
		{D3542FE2-3EF6-42E1-A0A6-8720C036B39A} = {AC853256-36D2-4CCE-BDF4-B5AF6C05B0A1}
		{2218F7EC-737C-4ED0-A957-70B689C8637F} = {AC853256-36D2-4CCE-BDF4-B5AF6C05B0A1}
		{26F4994C-0C8E-4D6F-AE62-1E4553B6C67A} = {AC853256-36D2-4CCE-BDF4-B5AF6C05B0A1}
	EndGlobalSection
	GlobalSection(ExtensibilityGlobals) = postSolution
		SolutionGuid = {B8EEFBDE-2F70-4236-A319-9414A1D415C5}
	EndGlobalSection
EndGlobal
