
Microsoft Visual Studio Solution File, Format Version 12.00
# Visual Studio Version 17
VisualStudioVersion = 17.0.31903.59
MinimumVisualStudioVersion = 10.0.40219.1
Project("{FAE04EC0-301F-11D3-BF4B-00C04F79EFBC}") = "Tyuiu.KimmelDS.Sprint0.Task3.V0.Lib", "Tyuiu.KimmelDS.Sprint0.Task3.V0.Lib\Tyuiu.KimmelDS.Sprint0.Task3.V0.Lib.csproj", "{44434E06-8199-42DD-B3DD-D2339A00FCE8}"
EndProject
Project("{FAE04EC0-301F-11D3-BF4B-00C04F79EFBC}") = "Tyuiu.KimmelDS.Sprint0.Task3.V0", "Tyuiu.KimmelDS.Sprint0.Task3.V0\Tyuiu.KimmelDS.Sprint0.Task3.V0.csproj", "{2B795A14-5E81-4651-B925-260500138963}"
EndProject
Project("{FAE04EC0-301F-11D3-BF4B-00C04F79EFBC}") = "Tyuiu.KimmelDS.Sprint0.Task3.V0.Test", "Tyuiu.KimmelDS.Sprint0.Task3.V0.Test\Tyuiu.KimmelDS.Sprint0.Task3.V0.Test.csproj", "{F9FF770B-DAAF-497B-9BD6-A5A2F667FC2E}"
EndProject
Global
	GlobalSection(SolutionConfigurationPlatforms) = preSolution
		Debug|Any CPU = Debug|Any CPU
		Release|Any CPU = Release|Any CPU
	EndGlobalSection
	GlobalSection(SolutionProperties) = preSolution
		HideSolutionNode = FALSE
	EndGlobalSection
	GlobalSection(ProjectConfigurationPlatforms) = postSolution
		{44434E06-8199-42DD-B3DD-D2339A00FCE8}.Debug|Any CPU.ActiveCfg = Debug|Any CPU
		{44434E06-8199-42DD-B3DD-D2339A00FCE8}.Debug|Any CPU.Build.0 = Debug|Any CPU
		{44434E06-8199-42DD-B3DD-D2339A00FCE8}.Release|Any CPU.ActiveCfg = Release|Any CPU
		{44434E06-8199-42DD-B3DD-D2339A00FCE8}.Release|Any CPU.Build.0 = Release|Any CPU
		{2B795A14-5E81-4651-B925-260500138963}.Debug|Any CPU.ActiveCfg = Debug|Any CPU
		{2B795A14-5E81-4651-B925-260500138963}.Debug|Any CPU.Build.0 = Debug|Any CPU
		{2B795A14-5E81-4651-B925-260500138963}.Release|Any CPU.ActiveCfg = Release|Any CPU
		{2B795A14-5E81-4651-B925-260500138963}.Release|Any CPU.Build.0 = Release|Any CPU
		{F9FF770B-DAAF-497B-9BD6-A5A2F667FC2E}.Debug|Any CPU.ActiveCfg = Debug|Any CPU
		{F9FF770B-DAAF-497B-9BD6-A5A2F667FC2E}.Debug|Any CPU.Build.0 = Debug|Any CPU
		{F9FF770B-DAAF-497B-9BD6-A5A2F667FC2E}.Release|Any CPU.ActiveCfg = Release|Any CPU
		{F9FF770B-DAAF-497B-9BD6-A5A2F667FC2E}.Release|Any CPU.Build.0 = Release|Any CPU
	EndGlobalSection
EndGlobal
